
Microsoft Visual Studio Solution File, Format Version 12.00
# Visual Studio 2012
Project("{FAE04EC0-301F-11D3-BF4B-00C04F79EFBC}") = "RedundancyAccessLibrary", "libRedundancy\RedundancyAccessLibrary.csproj", "{B5B7420D-CA3D-4F2A-85FF-EA2C450B0E83}"
EndProject
Project("{FAE04EC0-301F-11D3-BF4B-00C04F79EFBC}") = "RedundancyAccessLibrary.Test", "test\RedundancyAccessLibrary.Test.csproj", "{E53762C3-895F-4D4C-8C99-F9FD8ABC9E38}"
EndProject
Global
	GlobalSection(SolutionConfigurationPlatforms) = preSolution
		Debug|Any CPU = Debug|Any CPU
		Release|Any CPU = Release|Any CPU
	EndGlobalSection
	GlobalSection(ProjectConfigurationPlatforms) = postSolution
		{B5B7420D-CA3D-4F2A-85FF-EA2C450B0E83}.Debug|Any CPU.ActiveCfg = Debug|Any CPU
		{B5B7420D-CA3D-4F2A-85FF-EA2C450B0E83}.Debug|Any CPU.Build.0 = Debug|Any CPU
		{B5B7420D-CA3D-4F2A-85FF-EA2C450B0E83}.Release|Any CPU.ActiveCfg = Release|Any CPU
		{B5B7420D-CA3D-4F2A-85FF-EA2C450B0E83}.Release|Any CPU.Build.0 = Release|Any CPU
		{E53762C3-895F-4D4C-8C99-F9FD8ABC9E38}.Debug|Any CPU.ActiveCfg = Debug|Any CPU
		{E53762C3-895F-4D4C-8C99-F9FD8ABC9E38}.Debug|Any CPU.Build.0 = Debug|Any CPU
		{E53762C3-895F-4D4C-8C99-F9FD8ABC9E38}.Release|Any CPU.ActiveCfg = Release|Any CPU
		{E53762C3-895F-4D4C-8C99-F9FD8ABC9E38}.Release|Any CPU.Build.0 = Release|Any CPU
	EndGlobalSection
	GlobalSection(SolutionProperties) = preSolution
		HideSolutionNode = FALSE
	EndGlobalSection
EndGlobal
